Microsoft Visual Studio Solution File, Format Version 12.00
# Visual Studio Version 17
VisualStudioVersion = 17.8.0.0
MinimumVisualStudioVersion = 17.8.0.0
Project("{9A19103F-16F7-4668-BE54-9A1E7A4F7556}") = "Deploy a .NET Aspire app to Azure Container Apps.AppHost", "Deploy a .NET Aspire app to Azure Container Apps.AppHost\Deploy a .NET Aspire app to Azure Container Apps.AppHost.csproj", "{F3DEC175-5202-437F-926A-DD8EC762B0FF}"
EndProject
Project("{9A19103F-16F7-4668-BE54-9A1E7A4F7556}") = "Deploy a .NET Aspire app to Azure Container Apps.ServiceDefaults", "Deploy a .NET Aspire app to Azure Container Apps.ServiceDefaults\Deploy a .NET Aspire app to Azure Container Apps.ServiceDefaults.csproj", "{6187AC48-AA6F-4D03-AE09-7625797A62D6}"
EndProject
Project("{9A19103F-16F7-4668-BE54-9A1E7A4F7556}") = "Deploy a .NET Aspire app to Azure Container Apps.ApiService", "Deploy a .NET Aspire app to Azure Container Apps.ApiService\Deploy a .NET Aspire app to Azure Container Apps.ApiService.csproj", "{CDF40BCC-F509-4EEF-A565-9C62E8A36F44}"
EndProject
Project("{9A19103F-16F7-4668-BE54-9A1E7A4F7556}") = "Deploy a .NET Aspire app to Azure Container Apps.Web", "Deploy a .NET Aspire app to Azure Container Apps.Web\Deploy a .NET Aspire app to Azure Container Apps.Web.csproj", "{89C15381-3A3F-4121-87F3-7CDDC610FC91}"
EndProject
Global
	GlobalSection(SolutionConfigurationPlatforms) = preSolution
		Debug|Any CPU = Debug|Any CPU
		Release|Any CPU = Release|Any CPU
	EndGlobalSection
	GlobalSection(ProjectConfigurationPlatforms) = postSolution
		{F3DEC175-5202-437F-926A-DD8EC762B0FF}.Debug|Any CPU.ActiveCfg = Debug|Any CPU
		{F3DEC175-5202-437F-926A-DD8EC762B0FF}.Debug|Any CPU.Build.0 = Debug|Any CPU
		{F3DEC175-5202-437F-926A-DD8EC762B0FF}.Release|Any CPU.ActiveCfg = Release|Any CPU
		{F3DEC175-5202-437F-926A-DD8EC762B0FF}.Release|Any CPU.Build.0 = Release|Any CPU
		{6187AC48-AA6F-4D03-AE09-7625797A62D6}.Debug|Any CPU.ActiveCfg = Debug|Any CPU
		{6187AC48-AA6F-4D03-AE09-7625797A62D6}.Debug|Any CPU.Build.0 = Debug|Any CPU
		{6187AC48-AA6F-4D03-AE09-7625797A62D6}.Release|Any CPU.ActiveCfg = Release|Any CPU
		{6187AC48-AA6F-4D03-AE09-7625797A62D6}.Release|Any CPU.Build.0 = Release|Any CPU
		{CDF40BCC-F509-4EEF-A565-9C62E8A36F44}.Debug|Any CPU.ActiveCfg = Debug|Any CPU
		{CDF40BCC-F509-4EEF-A565-9C62E8A36F44}.Debug|Any CPU.Build.0 = Debug|Any CPU
		{CDF40BCC-F509-4EEF-A565-9C62E8A36F44}.Release|Any CPU.ActiveCfg = Release|Any CPU
		{CDF40BCC-F509-4EEF-A565-9C62E8A36F44}.Release|Any CPU.Build.0 = Release|Any CPU
		{89C15381-3A3F-4121-87F3-7CDDC610FC91}.Debug|Any CPU.ActiveCfg = Debug|Any CPU
		{89C15381-3A3F-4121-87F3-7CDDC610FC91}.Debug|Any CPU.Build.0 = Debug|Any CPU
		{89C15381-3A3F-4121-87F3-7CDDC610FC91}.Release|Any CPU.ActiveCfg = Release|Any CPU
		{89C15381-3A3F-4121-87F3-7CDDC610FC91}.Release|Any CPU.Build.0 = Release|Any CPU
	EndGlobalSection
	GlobalSection(SolutionProperties) = preSolution
		HideSolutionNode = FALSE
	EndGlobalSection
	GlobalSection(ExtensibilityGlobals) = postSolution
		SolutionGuid = {3AC0D9C4-9256-4FF8-9A67-B681D9DE530F}
	EndGlobalSection
EndGlobal
